Microsoft Visual Studio Solution File, Format Version 10.00
# Visual Studio 2008
Project("{8BC9CEB8-8B4A-11D0-8D11-00A0C91BC942}") = "IGetLite", "IGetLite.vcproj", "{24AFA2BC-9818-49F6-A103-586764CD2A92}"
EndProject
Project("{8BC9CEB8-8B4A-11D0-8D11-00A0C91BC942}") = "cryptlib", "cryptopp\cryptlib.vcproj", "{722AD808-9ECA-459A-8AF5-C0E1AB3D5B87}"
EndProject
Project("{8BC9CEB8-8B4A-11D0-8D11-00A0C91BC942}") = "MightyTCPClient", "..\MightyTCPClient\MightyTCPClient.vcproj", "{40DB7C3D-716B-4B3F-8606-47BFF3961E80}"
EndProject
Project("{8BC9CEB8-8B4A-11D0-8D11-00A0C91BC942}") = "MightyTCPServer", "..\MightyTCPServer\MightyTCPServer.vcproj", "{3346F805-2A4A-455C-A456-B4EBE4E7B9A1}"
EndProject
Project("{8BC9CEB8-8B4A-11D0-8D11-00A0C91BC942}") = "curllib", "..\curl_lib\lib\curllib.vcproj", "{80A44126-B1E7-4E8A-A32E-A8C151BABF56}"
EndProject
Global
	GlobalSection(SolutionConfigurationPlatforms) = preSolution
		Debug|Win32 = Debug|Win32
		DLL Debug|Win32 = DLL Debug|Win32
		DLL Release|Win32 = DLL Release|Win32
		LIB Debug|Win32 = LIB Debug|Win32
		LIB Release|Win32 = LIB Release|Win32
		Release|Win32 = Release|Win32
	EndGlobalSection
	GlobalSection(ProjectConfigurationPlatforms) = postSolution
		{24AFA2BC-9818-49F6-A103-586764CD2A92}.Debug|Win32.ActiveCfg = Debug|Win32
		{24AFA2BC-9818-49F6-A103-586764CD2A92}.Debug|Win32.Build.0 = Debug|Win32
		{24AFA2BC-9818-49F6-A103-586764CD2A92}.DLL Debug|Win32.ActiveCfg = Debug|Win32
		{24AFA2BC-9818-49F6-A103-586764CD2A92}.DLL Debug|Win32.Build.0 = Debug|Win32
		{24AFA2BC-9818-49F6-A103-586764CD2A92}.DLL Release|Win32.ActiveCfg = Release|Win32
		{24AFA2BC-9818-49F6-A103-586764CD2A92}.DLL Release|Win32.Build.0 = Release|Win32
		{24AFA2BC-9818-49F6-A103-586764CD2A92}.LIB Debug|Win32.ActiveCfg = Debug|Win32
		{24AFA2BC-9818-49F6-A103-586764CD2A92}.LIB Debug|Win32.Build.0 = Debug|Win32
		{24AFA2BC-9818-49F6-A103-586764CD2A92}.LIB Release|Win32.ActiveCfg = Release|Win32
		{24AFA2BC-9818-49F6-A103-586764CD2A92}.LIB Release|Win32.Build.0 = Release|Win32
		{24AFA2BC-9818-49F6-A103-586764CD2A92}.Release|Win32.ActiveCfg = Release|Win32
		{24AFA2BC-9818-49F6-A103-586764CD2A92}.Release|Win32.Build.0 = Release|Win32
		{722AD808-9ECA-459A-8AF5-C0E1AB3D5B87}.Debug|Win32.ActiveCfg = Debug|Win32
		{722AD808-9ECA-459A-8AF5-C0E1AB3D5B87}.Debug|Win32.Build.0 = Debug|Win32
		{722AD808-9ECA-459A-8AF5-C0E1AB3D5B87}.DLL Debug|Win32.ActiveCfg = Debug|Win32
		{722AD808-9ECA-459A-8AF5-C0E1AB3D5B87}.DLL Debug|Win32.Build.0 = Debug|Win32
		{722AD808-9ECA-459A-8AF5-C0E1AB3D5B87}.DLL Release|Win32.ActiveCfg = Release|Win32
		{722AD808-9ECA-459A-8AF5-C0E1AB3D5B87}.DLL Release|Win32.Build.0 = Release|Win32
		{722AD808-9ECA-459A-8AF5-C0E1AB3D5B87}.LIB Debug|Win32.ActiveCfg = Debug|Win32
		{722AD808-9ECA-459A-8AF5-C0E1AB3D5B87}.LIB Debug|Win32.Build.0 = Debug|Win32
		{722AD808-9ECA-459A-8AF5-C0E1AB3D5B87}.LIB Release|Win32.ActiveCfg = Release|Win32
		{722AD808-9ECA-459A-8AF5-C0E1AB3D5B87}.LIB Release|Win32.Build.0 = Release|Win32
		{722AD808-9ECA-459A-8AF5-C0E1AB3D5B87}.Release|Win32.ActiveCfg = Release|Win32
		{722AD808-9ECA-459A-8AF5-C0E1AB3D5B87}.Release|Win32.Build.0 = Release|Win32
		{40DB7C3D-716B-4B3F-8606-47BFF3961E80}.Debug|Win32.ActiveCfg = Debug|Win32
		{40DB7C3D-716B-4B3F-8606-47BFF3961E80}.Debug|Win32.Build.0 = Debug|Win32
		{40DB7C3D-716B-4B3F-8606-47BFF3961E80}.DLL Debug|Win32.ActiveCfg = Debug|Win32
		{40DB7C3D-716B-4B3F-8606-47BFF3961E80}.DLL Debug|Win32.Build.0 = Debug|Win32
		{40DB7C3D-716B-4B3F-8606-47BFF3961E80}.DLL Release|Win32.ActiveCfg = Release|Win32
		{40DB7C3D-716B-4B3F-8606-47BFF3961E80}.DLL Release|Win32.Build.0 = Release|Win32
		{40DB7C3D-716B-4B3F-8606-47BFF3961E80}.LIB Debug|Win32.ActiveCfg = Debug|Win32
		{40DB7C3D-716B-4B3F-8606-47BFF3961E80}.LIB Debug|Win32.Build.0 = Debug|Win32
		{40DB7C3D-716B-4B3F-8606-47BFF3961E80}.LIB Release|Win32.ActiveCfg = Release|Win32
		{40DB7C3D-716B-4B3F-8606-47BFF3961E80}.LIB Release|Win32.Build.0 = Release|Win32
		{40DB7C3D-716B-4B3F-8606-47BFF3961E80}.Release|Win32.ActiveCfg = Release|Win32
		{40DB7C3D-716B-4B3F-8606-47BFF3961E80}.Release|Win32.Build.0 = Release|Win32
		{3346F805-2A4A-455C-A456-B4EBE4E7B9A1}.Debug|Win32.ActiveCfg = Debug|Win32
		{3346F805-2A4A-455C-A456-B4EBE4E7B9A1}.Debug|Win32.Build.0 = Debug|Win32
		{3346F805-2A4A-455C-A456-B4EBE4E7B9A1}.DLL Debug|Win32.ActiveCfg = Debug|Win32
		{3346F805-2A4A-455C-A456-B4EBE4E7B9A1}.DLL Debug|Win32.Build.0 = Debug|Win32
		{3346F805-2A4A-455C-A456-B4EBE4E7B9A1}.DLL Release|Win32.ActiveCfg = Release|Win32
		{3346F805-2A4A-455C-A456-B4EBE4E7B9A1}.DLL Release|Win32.Build.0 = Release|Win32
		{3346F805-2A4A-455C-A456-B4EBE4E7B9A1}.LIB Debug|Win32.ActiveCfg = Debug|Win32
		{3346F805-2A4A-455C-A456-B4EBE4E7B9A1}.LIB Debug|Win32.Build.0 = Debug|Win32
		{3346F805-2A4A-455C-A456-B4EBE4E7B9A1}.LIB Release|Win32.ActiveCfg = Release|Win32
		{3346F805-2A4A-455C-A456-B4EBE4E7B9A1}.LIB Release|Win32.Build.0 = Release|Win32
		{3346F805-2A4A-455C-A456-B4EBE4E7B9A1}.Release|Win32.ActiveCfg = Release|Win32
		{3346F805-2A4A-455C-A456-B4EBE4E7B9A1}.Release|Win32.Build.0 = Release|Win32
		{80A44126-B1E7-4E8A-A32E-A8C151BABF56}.Debug|Win32.ActiveCfg = DLL Debug|Win32
		{80A44126-B1E7-4E8A-A32E-A8C151BABF56}.Debug|Win32.Build.0 = DLL Debug|Win32
		{80A44126-B1E7-4E8A-A32E-A8C151BABF56}.DLL Debug|Win32.ActiveCfg = DLL Debug|Win32
		{80A44126-B1E7-4E8A-A32E-A8C151BABF56}.DLL Debug|Win32.Build.0 = DLL Debug|Win32
		{80A44126-B1E7-4E8A-A32E-A8C151BABF56}.DLL Release|Win32.ActiveCfg = DLL Release|Win32
		{80A44126-B1E7-4E8A-A32E-A8C151BABF56}.DLL Release|Win32.Build.0 = DLL Release|Win32
		{80A44126-B1E7-4E8A-A32E-A8C151BABF56}.LIB Debug|Win32.ActiveCfg = LIB Debug|Win32
		{80A44126-B1E7-4E8A-A32E-A8C151BABF56}.LIB Debug|Win32.Build.0 = LIB Debug|Win32
		{80A44126-B1E7-4E8A-A32E-A8C151BABF56}.LIB Release|Win32.ActiveCfg = LIB Release|Win32
		{80A44126-B1E7-4E8A-A32E-A8C151BABF56}.LIB Release|Win32.Build.0 = LIB Release|Win32
		{80A44126-B1E7-4E8A-A32E-A8C151BABF56}.Release|Win32.ActiveCfg = DLL Release|Win32
		{80A44126-B1E7-4E8A-A32E-A8C151BABF56}.Release|Win32.Build.0 = DLL Release|Win32
	EndGlobalSection
	GlobalSection(SolutionProperties) = preSolution
		HideSolutionNode = FALSE
	EndGlobalSection
EndGlobal
